
Microsoft Visual Studio Solution File, Format Version 12.00
Project("{FAE04EC0-301F-11D3-BF4B-00C04F79EFBC}") = "Constructum.Formater.RestAPI", "Constructum.Formater.RestAPI\Constructum.Formater.RestAPI.csproj", "{66ABD5F3-1621-43FE-9CD7-B732EB86A743}"
EndProject
Project("{FAE04EC0-301F-11D3-BF4B-00C04F79EFBC}") = "Constructum.Formater.Core", "Constructum.Formater.Core\Constructum.Formater.Core.csproj", "{3D992712-3148-470C-BBC6-8FC4747634BB}"
EndProject
Global
	GlobalSection(SolutionConfigurationPlatforms) = preSolution
		Debug|Any CPU = Debug|Any CPU
		Release|Any CPU = Release|Any CPU
	EndGlobalSection
	GlobalSection(ProjectConfigurationPlatforms) = postSolution
		{66ABD5F3-1621-43FE-9CD7-B732EB86A743}.Debug|Any CPU.ActiveCfg = Debug|Any CPU
		{66ABD5F3-1621-43FE-9CD7-B732EB86A743}.Debug|Any CPU.Build.0 = Debug|Any CPU
		{66ABD5F3-1621-43FE-9CD7-B732EB86A743}.Release|Any CPU.ActiveCfg = Release|Any CPU
		{66ABD5F3-1621-43FE-9CD7-B732EB86A743}.Release|Any CPU.Build.0 = Release|Any CPU
		{3D992712-3148-470C-BBC6-8FC4747634BB}.Debug|Any CPU.ActiveCfg = Debug|Any CPU
		{3D992712-3148-470C-BBC6-8FC4747634BB}.Debug|Any CPU.Build.0 = Debug|Any CPU
		{3D992712-3148-470C-BBC6-8FC4747634BB}.Release|Any CPU.ActiveCfg = Release|Any CPU
		{3D992712-3148-470C-BBC6-8FC4747634BB}.Release|Any CPU.Build.0 = Release|Any CPU
	EndGlobalSection
EndGlobal
